// !$*UTF8*$!
{
	archiveVersion = 1;
	classes = {
	};
	objectVersion = 48;
	objects = {

/* Begin PBXBuildFile section */
		610984271FB8C4E4000CE519 /* AppDelegate.swift in Sources */ = {isa = PBXBuildFile; fileRef = 610984261FB8C4E4000CE519 /* AppDelegate.swift */; };
		610984291FB8C4E4000CE519 /* ViewController.swift in Sources */ = {isa = PBXBuildFile; fileRef = 610984281FB8C4E4000CE519 /* ViewController.swift */; };
		6109842C1FB8C4E4000CE519 /* Main.storyboard in Resources */ = {isa = PBXBuildFile; fileRef = 6109842A1FB8C4E4000CE519 /* Main.storyboard */; };
		6109842E1FB8C4E4000CE519 /* Assets.xcassets in Resources */ = {isa = PBXBuildFile; fileRef = 6109842D1FB8C4E4000CE519 /* Assets.xcassets */; };
		610984311FB8C4E4000CE519 /* LaunchScreen.storyboard in Resources */ = {isa = PBXBuildFile; fileRef = 6109842F1FB8C4E4000CE519 /* LaunchScreen.storyboard */; };
		6109843C1FB8C4E4000CE519 /* closest_beacon_demoTests.swift in Sources */ = {isa = PBXBuildFile; fileRef = 6109843B1FB8C4E4000CE519 /* closest_beacon_demoTests.swift */; };
		610984471FB8C4E4000CE519 /* closest_beacon_demoUITests.swift in Sources */ = {isa = PBXBuildFile; fileRef = 610984461FB8C4E4000CE519 /* closest_beacon_demoUITests.swift */; };
/* End PBXBuildFile section */

/* Begin PBXContainerItemProxy section */
		610984381FB8C4E4000CE519 /* PBXContainerItemProxy */ = {
			isa = PBXContainerItemProxy;
			containerPortal = 6109841B1FB8C4E4000CE519 /* Project object */;
			proxyType = 1;
			remoteGlobalIDString = 610984221FB8C4E4000CE519;
			remoteInfo = "closest-beacon-demo";
		};
		610984431FB8C4E4000CE519 /* PBXContainerItemProxy */ = {
			isa = PBXContainerItemProxy;
			containerPortal = 6109841B1FB8C4E4000CE519 /* Project object */;
			proxyType = 1;
			remoteGlobalIDString = 610984221FB8C4E4000CE519;
			remoteInfo = "closest-beacon-demo";
		};
/* End PBXContainerItemProxy section */

/* Begin PBXFileReference section */
		610984231FB8C4E4000CE519 /* closest-beacon.app */ = {isa = PBXFileReference; explicitFileType = wrapper.application; includeInIndex = 0; path = "closest-beacon.app"; sourceTree = BUILT_PRODUCTS_DIR; };
		610984261FB8C4E4000CE519 /* AppDelegate.swift */ = {isa = PBXFileReference; lastKnownFileType = sourcecode.swift; path = AppDelegate.swift; sourceTree = "<group>"; };
		610984281FB8C4E4000CE519 /* ViewController.swift */ = {isa = PBXFileReference; lastKnownFileType = sourcecode.swift; path = ViewController.swift; sourceTree = "<group>"; };
		6109842B1FB8C4E4000CE519 /* Base */ = {isa = PBXFileReference; lastKnownFileType = file.storyboard; name = Base; path = Base.lproj/Main.storyboard; sourceTree = "<group>"; };
		6109842D1FB8C4E4000CE519 /* Assets.xcassets */ = {isa = PBXFileReference; lastKnownFileType = folder.assetcatalog; path = Assets.xcassets; sourceTree = "<group>"; };
		610984301FB8C4E4000CE519 /* Base */ = {isa = PBXFileReference; lastKnownFileType = file.storyboard; name = Base; path = Base.lproj/LaunchScreen.storyboard; sourceTree = "<group>"; };
		610984321FB8C4E4000CE519 /* Info.plist */ = {isa = PBXFileReference; lastKnownFileType = text.plist.xml; path = Info.plist; sourceTree = "<group>"; };
		610984371FB8C4E4000CE519 /* closest-beaconTests.xctest */ = {isa = PBXFileReference; explicitFileType = wrapper.cfbundle; includeInIndex = 0; path = "closest-beaconTests.xctest"; sourceTree = BUILT_PRODUCTS_DIR; };
		6109843B1FB8C4E4000CE519 /* closest_beacon_demoTests.swift */ = {isa = PBXFileReference; lastKnownFileType = sourcecode.swift; path = closest_beacon_demoTests.swift; sourceTree = "<group>"; };
		6109843D1FB8C4E4000CE519 /* Info.plist */ = {isa = PBXFileReference; lastKnownFileType = text.plist.xml; path = Info.plist; sourceTree = "<group>"; };
		610984421FB8C4E4000CE519 /* closest-beaconUITests.xctest */ = {isa = PBXFileReference; explicitFileType = wrapper.cfbundle; includeInIndex = 0; path = "closest-beaconUITests.xctest"; sourceTree = BUILT_PRODUCTS_DIR; };
		610984461FB8C4E4000CE519 /* closest_beacon_demoUITests.swift */ = {isa = PBXFileReference; lastKnownFileType = sourcecode.swift; path = closest_beacon_demoUITests.swift; sourceTree = "<group>"; };
		610984481FB8C4E4000CE519 /* Info.plist */ = {isa = PBXFileReference; lastKnownFileType = text.plist.xml; path = Info.plist; sourceTree = "<group>"; };
/* End PBXFileReference section */

/* Begin PBXFrameworksBuildPhase section */
		610984201FB8C4E4000CE519 /* Frameworks */ = {
			isa = PBXFrameworksBuildPhase;
			buildActionMask = 2147483647;
			files = (
			);
			runOnlyForDeploymentPostprocessing = 0;
		};
		610984341FB8C4E4000CE519 /* Frameworks */ = {
			isa = PBXFrameworksBuildPhase;
			buildActionMask = 2147483647;
			files = (
			);
			runOnlyForDeploymentPostprocessing = 0;
		};
		6109843F1FB8C4E4000CE519 /* Frameworks */ = {
			isa = PBXFrameworksBuildPhase;
			buildActionMask = 2147483647;
			files = (
			);
			runOnlyForDeploymentPostprocessing = 0;
		};
/* End PBXFrameworksBuildPhase section */

/* Begin PBXGroup section */
		6109841A1FB8C4E4000CE519 = {
			isa = PBXGroup;
			children = (
				610984251FB8C4E4000CE519 /* closest-beacon-demo */,
				6109843A1FB8C4E4000CE519 /* closest-beacon-demoTests */,
				610984451FB8C4E4000CE519 /* closest-beacon-demoUITests */,
				610984241FB8C4E4000CE519 /* Products */,
			);
			sourceTree = "<group>";
		};
		610984241FB8C4E4000CE519 /* Products */ = {
			isa = PBXGroup;
			children = (
				610984231FB8C4E4000CE519 /* closest-beacon.app */,
				610984371FB8C4E4000CE519 /* closest-beaconTests.xctest */,
				610984421FB8C4E4000CE519 /* closest-beaconUITests.xctest */,
			);
			name = Products;
			sourceTree = "<group>";
		};
		610984251FB8C4E4000CE519 /* closest-beacon-demo */ = {
			isa = PBXGroup;
			children = (
				610984261FB8C4E4000CE519 /* AppDelegate.swift */,
				610984281FB8C4E4000CE519 /* ViewController.swift */,
				6109842A1FB8C4E4000CE519 /* Main.storyboard */,
				6109842D1FB8C4E4000CE519 /* Assets.xcassets */,
				6109842F1FB8C4E4000CE519 /* LaunchScreen.storyboard */,
				610984321FB8C4E4000CE519 /* Info.plist */,
			);
			path = "closest-beacon-demo";
			sourceTree = "<group>";
		};
		6109843A1FB8C4E4000CE519 /* closest-beacon-demoTests */ = {
			isa = PBXGroup;
			children = (
				6109843B1FB8C4E4000CE519 /* closest_beacon_demoTests.swift */,
				6109843D1FB8C4E4000CE519 /* Info.plist */,
			);
			path = "closest-beacon-demoTests";
			sourceTree = "<group>";
		};
		610984451FB8C4E4000CE519 /* closest-beacon-demoUITests */ = {
			isa = PBXGroup;
			children = (
				610984461FB8C4E4000CE519 /* closest_beacon_demoUITests.swift */,
				610984481FB8C4E4000CE519 /* Info.plist */,
			);
			path = "closest-beacon-demoUITests";
			sourceTree = "<group>";
		};
/* End PBXGroup section */

/* Begin PBXNativeTarget section */
		610984221FB8C4E4000CE519 /* closest-beacon */ = {
			isa = PBXNativeTarget;
			buildConfigurationList = 6109844B1FB8C4E5000CE519 /* Build configuration list for PBXNativeTarget "closest-beacon" */;
			buildPhases = (
				6109841F1FB8C4E4000CE519 /* Sources */,
				610984201FB8C4E4000CE519 /* Frameworks */,
				610984211FB8C4E4000CE519 /* Resources */,
			);
			buildRules = (
			);
			dependencies = (
			);
			name = "closest-beacon";
			productName = "closest-beacon-demo";
			productReference = 610984231FB8C4E4000CE519 /* closest-beacon.app */;
			productType = "com.apple.product-type.application";
		};
		610984361FB8C4E4000CE519 /* closest-beaconTests */ = {
			isa = PBXNativeTarget;
			buildConfigurationList = 6109844E1FB8C4E5000CE519 /* Build configuration list for PBXNativeTarget "closest-beaconTests" */;
			buildPhases = (
				610984331FB8C4E4000CE519 /* Sources */,
				610984341FB8C4E4000CE519 /* Frameworks */,
				610984351FB8C4E4000CE519 /* Resources */,
			);
			buildRules = (
			);
			dependencies = (
				610984391FB8C4E4000CE519 /* PBXTargetDependency */,
			);
			name = "closest-beaconTests";
			productName = "closest-beacon-demoTests";
			productReference = 610984371FB8C4E4000CE519 /* closest-beaconTests.xctest */;
			productType = "com.apple.product-type.bundle.unit-test";
		};
		610984411FB8C4E4000CE519 /* closest-beaconUITests */ = {
			isa = PBXNativeTarget;
			buildConfigurationList = 610984511FB8C4E5000CE519 /* Build configuration list for PBXNativeTarget "closest-beaconUITests" */;
			buildPhases = (
				6109843E1FB8C4E4000CE519 /* Sources */,
				6109843F1FB8C4E4000CE519 /* Frameworks */,
				610984401FB8C4E4000CE519 /* Resources */,
			);
			buildRules = (
			);
			dependencies = (
				610984441FB8C4E4000CE519 /* PBXTargetDependency */,
			);
			name = "closest-beaconUITests";
			productName = "closest-beacon-demoUITests";
			productReference = 610984421FB8C4E4000CE519 /* closest-beaconUITests.xctest */;
			productType = "com.apple.product-type.bundle.ui-testing";
		};
/* End PBXNativeTarget section */

/* Begin PBXProject section */
		6109841B1FB8C4E4000CE519 /* Project object */ = {
			isa = PBXProject;
			attributes = {
				LastSwiftUpdateCheck = 0910;
				LastUpgradeCheck = 0910;
				ORGANIZATIONNAME = "Michael Douglas Fullstack Academy";
				TargetAttributes = {
					610984221FB8C4E4000CE519 = {
						CreatedOnToolsVersion = 9.1;
						ProvisioningStyle = Automatic;
					};
					610984361FB8C4E4000CE519 = {
						CreatedOnToolsVersion = 9.1;
						ProvisioningStyle = Automatic;
						TestTargetID = 610984221FB8C4E4000CE519;
					};
					610984411FB8C4E4000CE519 = {
						CreatedOnToolsVersion = 9.1;
						ProvisioningStyle = Automatic;
						TestTargetID = 610984221FB8C4E4000CE519;
					};
				};
			};
			buildConfigurationList = 6109841E1FB8C4E4000CE519 /* Build configuration list for PBXProject "closest-beacon" */;
			compatibilityVersion = "Xcode 8.0";
			developmentRegion = en;
			hasScannedForEncodings = 0;
			knownRegions = (
				en,
				Base,
			);
			mainGroup = 6109841A1FB8C4E4000CE519;
			productRefGroup = 610984241FB8C4E4000CE519 /* Products */;
			projectDirPath = "";
			projectRoot = "";
			targets = (
				610984221FB8C4E4000CE519 /* closest-beacon */,
				610984361FB8C4E4000CE519 /* closest-beaconTests */,
				610984411FB8C4E4000CE519 /* closest-beaconUITests */,
			);
		};
/* End PBXProject section */

/* Begin PBXResourcesBuildPhase section */
		610984211FB8C4E4000CE519 /* Resources */ = {
			isa = PBXResourcesBuildPhase;
			buildActionMask = 2147483647;
			files = (
				610984311FB8C4E4000CE519 /* LaunchScreen.storyboard in Resources */,
				6109842E1FB8C4E4000CE519 /* Assets.xcassets in Resources */,
				6109842C1FB8C4E4000CE519 /* Main.storyboard in Resources */,
			);
			runOnlyForDeploymentPostprocessing = 0;
		};
		610984351FB8C4E4000CE519 /* Resources */ = {
			isa = PBXResourcesBuildPhase;
			buildActionMask = 2147483647;
			files = (
			);
			runOnlyForDeploymentPostprocessing = 0;
		};
		610984401FB8C4E4000CE519 /* Resources */ = {
			isa = PBXResourcesBuildPhase;
			buildActionMask = 2147483647;
			files = (
			);
			runOnlyForDeploymentPostprocessing = 0;
		};
/* End PBXResourcesBuildPhase section */

/* Begin PBXSourcesBuildPhase section */
		6109841F1FB8C4E4000CE519 /* Sources */ = {
			isa = PBXSourcesBuildPhase;
			buildActionMask = 2147483647;
			files = (
				610984291FB8C4E4000CE519 /* ViewController.swift in Sources */,
				610984271FB8C4E4000CE519 /* AppDelegate.swift in Sources */,
			);
			runOnlyForDeploymentPostprocessing = 0;
		};
		610984331FB8C4E4000CE519 /* Sources */ = {
			isa = PBXSourcesBuildPhase;
			buildActionMask = 2147483647;
			files = (
				6109843C1FB8C4E4000CE519 /* closest_beacon_demoTests.swift in Sources */,
			);
			runOnlyForDeploymentPostprocessing = 0;
		};
		6109843E1FB8C4E4000CE519 /* Sources */ = {
			isa = PBXSourcesBuildPhase;
			buildActionMask = 2147483647;
			files = (
				610984471FB8C4E4000CE519 /* closest_beacon_demoUITests.swift in Sources */,
			);
			runOnlyForDeploymentPostprocessing = 0;
		};
/* End PBXSourcesBuildPhase section */

/* Begin PBXTargetDependency section */
		610984391FB8C4E4000CE519 /* PBXTargetDependency */ = {
			isa = PBXTargetDependency;
			target = 610984221FB8C4E4000CE519 /* closest-beacon */;
			targetProxy = 610984381FB8C4E4000CE519 /* PBXContainerItemProxy */;
		};
		610984441FB8C4E4000CE519 /* PBXTargetDependency */ = {
			isa = PBXTargetDependency;
			target = 610984221FB8C4E4000CE519 /* closest-beacon */;
			targetProxy = 610984431FB8C4E4000CE519 /* PBXContainerItemProxy */;
		};
/* End PBXTargetDependency section */

/* Begin PBXVariantGroup section */
		6109842A1FB8C4E4000CE519 /* Main.storyboard */ = {
			isa = PBXVariantGroup;
			children = (
				6109842B1FB8C4E4000CE519 /* Base */,
			);
			name = Main.storyboard;
			sourceTree = "<group>";
		};
		6109842F1FB8C4E4000CE519 /* LaunchScreen.storyboard */ = {
			isa = PBXVariantGroup;
			children = (
				610984301FB8C4E4000CE519 /* Base */,
			);
			name = LaunchScreen.storyboard;
			sourceTree = "<group>";
		};
/* End PBXVariantGroup section */

/* Begin XCBuildConfiguration section */
		610984491FB8C4E5000CE519 /* Debug */ = {
			isa = XCBuildConfiguration;
			buildSettings = {
				ALWAYS_SEARCH_USER_PATHS = NO;
				CLANG_ANALYZER_NONNULL = YES;
				CLANG_ANALYZER_NUMBER_OBJECT_CONVERSION = YES_AGGRESSIVE;
				CLANG_CXX_LANGUAGE_STANDARD = "gnu++14";
				CLANG_CXX_LIBRARY = "libc++";
				CLANG_ENABLE_MODULES = YES;
				CLANG_ENABLE_OBJC_ARC = YES;
				CLANG_WARN_BLOCK_CAPTURE_AUTORELEASING = YES;
				CLANG_WARN_BOOL_CONVERSION = YES;
				CLANG_WARN_COMMA = YES;
				CLANG_WARN_CONSTANT_CONVERSION = YES;
				CLANG_WARN_DIRECT_OBJC_ISA_USAGE = YES_ERROR;
				CLANG_WARN_DOCUMENTATION_COMMENTS = YES;
				CLANG_WARN_EMPTY_BODY = YES;
				CLANG_WARN_ENUM_CONVERSION = YES;
				CLANG_WARN_INFINITE_RECURSION = YES;
				CLANG_WARN_INT_CONVERSION = YES;
				CLANG_WARN_NON_LITERAL_NULL_CONVERSION = YES;
				CLANG_WARN_OBJC_LITERAL_CONVERSION = YES;
				CLANG_WARN_OBJC_ROOT_CLASS = YES_ERROR;
				CLANG_WARN_RANGE_LOOP_ANALYSIS = YES;
				CLANG_WARN_STRICT_PROTOTYPES = YES;
				CLANG_WARN_SUSPICIOUS_MOVE = YES;
				CLANG_WARN_UNGUARDED_AVAILABILITY = YES_AGGRESSIVE;
				CLANG_WARN_UNREACHABLE_CODE = YES;
				CLANG_WARN__DUPLICATE_METHOD_MATCH = YES;
				CODE_SIGN_IDENTITY = "iPhone Developer";
				COPY_PHASE_STRIP = NO;
				DEBUG_INFORMATION_FORMAT = dwarf;
				ENABLE_STRICT_OBJC_MSGSEND = YES;
				ENABLE_TESTABILITY = YES;
				GCC_C_LANGUAGE_STANDARD = gnu11;
				GCC_DYNAMIC_NO_PIC = NO;
				GCC_NO_COMMON_BLOCKS = YES;
				GCC_OPTIMIZATION_LEVEL = 0;
				GCC_PREPROCESSOR_DEFINITIONS = (
					"DEBUG=1",
					"$(inherited)",
				);
				GCC_WARN_64_TO_32_BIT_CONVERSION = YES;
				GCC_WARN_ABOUT_RETURN_TYPE = YES_ERROR;
				GCC_WARN_UNDECLARED_SELECTOR = YES;
				GCC_WARN_UNINITIALIZED_AUTOS = YES_AGGRESSIVE;
				GCC_WARN_UNUSED_FUNCTION = YES;
				GCC_WARN_UNUSED_VARIABLE = YES;
				IPHONEOS_DEPLOYMENT_TARGET = 11.1;
				MTL_ENABLE_DEBUG_INFO = YES;
				ONLY_ACTIVE_ARCH = YES;
				SDKROOT = iphoneos;
				SWIFT_ACTIVE_COMPILATION_CONDITIONS = DEBUG;
				SWIFT_OPTIMIZATION_LEVEL = "-Onone";
			};
			name = Debug;
		};
		6109844A1FB8C4E5000CE519 /* Release */ = {
			isa = XCBuildConfiguration;
			buildSettings = {
				ALWAYS_SEARCH_USER_PATHS = NO;
				CLANG_ANALYZER_NONNULL = YES;
				CLANG_ANALYZER_NUMBER_OBJECT_CONVERSION = YES_AGGRESSIVE;
				CLANG_CXX_LANGUAGE_STANDARD = "gnu++14";
				CLANG_CXX_LIBRARY = "libc++";
				CLANG_ENABLE_MODULES = YES;
				CLANG_ENABLE_OBJC_ARC = YES;
				CLANG_WARN_BLOCK_CAPTURE_AUTORELEASING = YES;
				CLANG_WARN_BOOL_CONVERSION = YES;
				CLANG_WARN_COMMA = YES;
				CLANG_WARN_CONSTANT_CONVERSION = YES;
				CLANG_WARN_DIRECT_OBJC_ISA_USAGE = YES_ERROR;
				CLANG_WARN_DOCUMENTATION_COMMENTS = YES;
				CLANG_WARN_EMPTY_BODY = YES;
				CLANG_WARN_ENUM_CONVERSION = YES;
				CLANG_WARN_INFINITE_RECURSION = YES;
				CLANG_WARN_INT_CONVERSION = YES;
				CLANG_WARN_NON_LITERAL_NULL_CONVERSION = YES;
				CLANG_WARN_OBJC_LITERAL_CONVERSION = YES;
				CLANG_WARN_OBJC_ROOT_CLASS = YES_ERROR;
				CLANG_WARN_RANGE_LOOP_ANALYSIS = YES;
				CLANG_WARN_STRICT_PROTOTYPES = YES;
				CLANG_WARN_SUSPICIOUS_MOVE = YES;
				CLANG_WARN_UNGUARDED_AVAILABILITY = YES_AGGRESSIVE;
				CLANG_WARN_UNREACHABLE_CODE = YES;
				CLANG_WARN__DUPLICATE_METHOD_MATCH = YES;
				CODE_SIGN_IDENTITY = "iPhone Developer";
				COPY_PHASE_STRIP = NO;
				DEBUG_INFORMATION_FORMAT = "dwarf-with-dsym";
				ENABLE_NS_ASSERTIONS = NO;
				ENABLE_STRICT_OBJC_MSGSEND = YES;
				GCC_C_LANGUAGE_STANDARD = gnu11;
				GCC_NO_COMMON_BLOCKS = YES;
				GCC_WARN_64_TO_32_BIT_CONVERSION = YES;
				GCC_WARN_ABOUT_RETURN_TYPE = YES_ERROR;
				GCC_WARN_UNDECLARED_SELECTOR = YES;
				GCC_WARN_UNINITIALIZED_AUTOS = YES_AGGRESSIVE;
				GCC_WARN_UNUSED_FUNCTION = YES;
				GCC_WARN_UNUSED_VARIABLE = YES;
				IPHONEOS_DEPLOYMENT_TARGET = 11.1;
				MTL_ENABLE_DEBUG_INFO = NO;
				SDKROOT = iphoneos;
				SWIFT_OPTIMIZATION_LEVEL = "-Owholemodule";
				VALIDATE_PRODUCT = YES;
			};
			name = Release;
		};
		6109844C1FB8C4E5000CE519 /* Debug */ = {
			isa = XCBuildConfiguration;
			buildSettings = {
				ASSETCATALOG_COMPILER_APPICON_NAME = AppIcon;
				CODE_SIGN_STYLE = Automatic;
				DEVELOPMENT_TEAM = MM9VV4Q7MZ;
				INFOPLIST_FILE = "closest-beacon-demo/Info.plist";
				LD_RUNPATH_SEARCH_PATHS = "$(inherited) @executable_path/Frameworks";
				PRODUCT_BUNDLE_IDENTIFIER = "web.com.closest-beacon-demo";
				PRODUCT_NAME = "$(TARGET_NAME)";
				SWIFT_VERSION = 4.0;
				TARGETED_DEVICE_FAMILY = "1,2";
			};
			name = Debug;
		};
		6109844D1FB8C4E5000CE519 /* Release */ = {
			isa = XCBuildConfiguration;
			buildSettings = {
				ASSETCATALOG_COMPILER_APPICON_NAME = AppIcon;
				CODE_SIGN_STYLE = Automatic;
				DEVELOPMENT_TEAM = MM9VV4Q7MZ;
				INFOPLIST_FILE = "closest-beacon-demo/Info.plist";
				LD_RUNPATH_SEARCH_PATHS = "$(inherited) @executable_path/Frameworks";
				PRODUCT_BUNDLE_IDENTIFIER = "web.com.closest-beacon-demo";
				PRODUCT_NAME = "$(TARGET_NAME)";
				SWIFT_VERSION = 4.0;
				TARGETED_DEVICE_FAMILY = "1,2";
			};
			name = Release;
		};
		6109844F1FB8C4E5000CE519 /* Debug */ = {
			isa = XCBuildConfiguration;
			buildSettings = {
				ALWAYS_EMBED_SWIFT_STANDARD_LIBRARIES = YES;
				BUNDLE_LOADER = "$(TEST_HOST)";
				CODE_SIGN_STYLE = Automatic;
				DEVELOPMENT_TEAM = MM9VV4Q7MZ;
				INFOPLIST_FILE = "closest-beacon-demoTests/Info.plist";
				LD_RUNPATH_SEARCH_PATHS = "$(inherited) @executable_path/Frameworks @loader_path/Frameworks";
				PRODUCT_BUNDLE_IDENTIFIER = "web.com.closest-beacon-demoTests";
				PRODUCT_NAME = "$(TARGET_NAME)";
				SWIFT_VERSION = 4.0;
				TARGETED_DEVICE_FAMILY = "1,2";
				TEST_HOST = "$(BUILT_PRODUCTS_DIR)/closest-beacon.app/closest-beacon";
			};
			name = Debug;
		};
		610984501FB8C4E5000CE519 /* Release */ = {
			isa = XCBuildConfiguration;
			buildSettings = {
				ALWAYS_EMBED_SWIFT_STANDARD_LIBRARIES = YES;
				BUNDLE_LOADER = "$(TEST_HOST)";
				CODE_SIGN_STYLE = Automatic;
				DEVELOPMENT_TEAM = MM9VV4Q7MZ;
				INFOPLIST_FILE = "closest-beacon-demoTests/Info.plist";
				LD_RUNPATH_SEARCH_PATHS = "$(inherited) @executable_path/Frameworks @loader_path/Frameworks";
				PRODUCT_BUNDLE_IDENTIFIER = "web.com.closest-beacon-demoTests";
				PRODUCT_NAME = "$(TARGET_NAME)";
				SWIFT_VERSION = 4.0;
				TARGETED_DEVICE_FAMILY = "1,2";
				TEST_HOST = "$(BUILT_PRODUCTS_DIR)/closest-beacon.app/closest-beacon";
			};
			name = Release;
		};
		610984521FB8C4E5000CE519 /* Debug */ = {
			isa = XCBuildConfiguration;
			buildSettings = {
				ALWAYS_EMBED_SWIFT_STANDARD_LIBRARIES = YES;
				CODE_SIGN_STYLE = Automatic;
				DEVELOPMENT_TEAM = MM9VV4Q7MZ;
				INFOPLIST_FILE = "closest-beacon-demoUITests/Info.plist";
				LD_RUNPATH_SEARCH_PATHS = "$(inherited) @executable_path/Frameworks @loader_path/Frameworks";
				PRODUCT_BUNDLE_IDENTIFIER = "web.com.closest-beacon-demoUITests";
				PRODUCT_NAME = "$(TARGET_NAME)";
				SWIFT_VERSION = 4.0;
				TARGETED_DEVICE_FAMILY = "1,2";
				TEST_TARGET_NAME = "closest-beacon-demo";
			};
			name = Debug;
		};
		610984531FB8C4E5000CE519 /* Release */ = {
			isa = XCBuildConfiguration;
			buildSettings = {
				ALWAYS_EMBED_SWIFT_STANDARD_LIBRARIES = YES;
				CODE_SIGN_STYLE = Automatic;
				DEVELOPMENT_TEAM = MM9VV4Q7MZ;
				INFOPLIST_FILE = "closest-beacon-demoUITests/Info.plist";
				LD_RUNPATH_SEARCH_PATHS = "$(inherited) @executable_path/Frameworks @loader_path/Frameworks";
				PRODUCT_BUNDLE_IDENTIFIER = "web.com.closest-beacon-demoUITests";
				PRODUCT_NAME = "$(TARGET_NAME)";
				SWIFT_VERSION = 4.0;
				TARGETED_DEVICE_FAMILY = "1,2";
				TEST_TARGET_NAME = "closest-beacon-demo";
			};
			name = Release;
		};
/* End XCBuildConfiguration section */

/* Begin XCConfigurationList section */
		6109841E1FB8C4E4000CE519 /* Build configuration list for PBXProject "closest-beacon" */ = {
			isa = XCConfigurationList;
			buildConfigurations = (
				610984491FB8C4E5000CE519 /* Debug */,
				6109844A1FB8C4E5000CE519 /* Release */,
			);
			defaultConfigurationIsVisible = 0;
			defaultConfigurationName = Release;
		};
		6109844B1FB8C4E5000CE519 /* Build configuration list for PBXNativeTarget "closest-beacon" */ = {
			isa = XCConfigurationList;
			buildConfigurations = (
				6109844C1FB8C4E5000CE519 /* Debug */,
				6109844D1FB8C4E5000CE519 /* Release */,
			);
			defaultConfigurationIsVisible = 0;
			defaultConfigurationName = Release;
		};
		6109844E1FB8C4E5000CE519 /* Build configuration list for PBXNativeTarget "closest-beaconTests" */ = {
			isa = XCConfigurationList;
			buildConfigurations = (
				6109844F1FB8C4E5000CE519 /* Debug */,
				610984501FB8C4E5000CE519 /* Release */,
			);
			defaultConfigurationIsVisible = 0;
			defaultConfigurationName = Release;
		};
		610984511FB8C4E5000CE519 /* Build configuration list for PBXNativeTarget "closest-beaconUITests" */ = {
			isa = XCConfigurationList;
			buildConfigurations = (
				610984521FB8C4E5000CE519 /* Debug */,
				610984531FB8C4E5000CE519 /* Release */,
			);
			defaultConfigurationIsVisible = 0;
			defaultConfigurationName = Release;
		};
/* End XCConfigurationList section */
	};
	rootObject = 6109841B1FB8C4E4000CE519 /* Project object */;
}
